
Microsoft Visual Studio Solution File, Format Version 12.00
# Visual Studio 2012
Project("{FAE04EC0-301F-11D3-BF4B-00C04F79EFBC}") = "DeltaEngine.BlogEngineSpamCommentRemover", "DeltaEngine.BlogEngineSpamCommentRemover.csproj", "{B5BF51DD-AC6A-48C1-A81F-5E0A65C83EB5}"
EndProject
Project("{FAE04EC0-301F-11D3-BF4B-00C04F79EFBC}") = "DeltaEngine.BlogEngineSpamCommentRemover.Tests", "..\DeltaEngine.BlogEngineSpamCommentRemover.Tests\DeltaEngine.BlogEngineSpamCommentRemover.Tests.csproj", "{940C8041-D4F5-4C26-A141-83ACAC1412F4}"
EndProject
Project("{FAE04EC0-301F-11D3-BF4B-00C04F79EFBC}") = "DeltaEngine.BlogEngineSpamCommentRemover.Gui", "..\DeltaEngine.BlogEngineSpamCommentRemover.Gui\DeltaEngine.BlogEngineSpamCommentRemover.Gui.csproj", "{DB559D9D-F1B3-4F58-9A84-72144DEBCF08}"
EndProject
Global
	GlobalSection(SolutionConfigurationPlatforms) = preSolution
		Debug|Any CPU = Debug|Any CPU
		Release|Any CPU = Release|Any CPU
	EndGlobalSection
	GlobalSection(ProjectConfigurationPlatforms) = postSolution
		{940C8041-D4F5-4C26-A141-83ACAC1412F4}.Debug|Any CPU.ActiveCfg = Debug|Any CPU
		{940C8041-D4F5-4C26-A141-83ACAC1412F4}.Debug|Any CPU.Build.0 = Debug|Any CPU
		{940C8041-D4F5-4C26-A141-83ACAC1412F4}.Release|Any CPU.ActiveCfg = Release|Any CPU
		{940C8041-D4F5-4C26-A141-83ACAC1412F4}.Release|Any CPU.Build.0 = Release|Any CPU
		{B5BF51DD-AC6A-48C1-A81F-5E0A65C83EB5}.Debug|Any CPU.ActiveCfg = Debug|Any CPU
		{B5BF51DD-AC6A-48C1-A81F-5E0A65C83EB5}.Debug|Any CPU.Build.0 = Debug|Any CPU
		{B5BF51DD-AC6A-48C1-A81F-5E0A65C83EB5}.Release|Any CPU.ActiveCfg = Release|Any CPU
		{B5BF51DD-AC6A-48C1-A81F-5E0A65C83EB5}.Release|Any CPU.Build.0 = Release|Any CPU
		{DB559D9D-F1B3-4F58-9A84-72144DEBCF08}.Debug|Any CPU.ActiveCfg = Debug|Any CPU
		{DB559D9D-F1B3-4F58-9A84-72144DEBCF08}.Debug|Any CPU.Build.0 = Debug|Any CPU
		{DB559D9D-F1B3-4F58-9A84-72144DEBCF08}.Release|Any CPU.ActiveCfg = Release|Any CPU
		{DB559D9D-F1B3-4F58-9A84-72144DEBCF08}.Release|Any CPU.Build.0 = Release|Any CPU
	EndGlobalSection
	GlobalSection(SolutionProperties) = preSolution
		HideSolutionNode = FALSE
	EndGlobalSection
EndGlobal
